
Microsoft Visual Studio Solution File, Format Version 12.00
# Visual Studio Version 17
VisualStudioVersion = 17.2.32516.85
MinimumVisualStudioVersion = 10.0.40219.1
Project("{2150E333-8FDC-42A3-9474-1A3956D46DE8}") = "Components", "Components", "{043CDC93-1B0A-4F29-B4E0-85EBCC28A534}"
EndProject
Project("{2150E333-8FDC-42A3-9474-1A3956D46DE8}") = "Services", "Services", "{A60B1857-88E0-4DD7-A4A6-5DBBC8E55DDD}"
EndProject
Project("{2150E333-8FDC-42A3-9474-1A3956D46DE8}") = "UI", "UI", "{60BC6B55-7850-4E6D-99D2-69E272F10403}"
EndProject
Project("{2150E333-8FDC-42A3-9474-1A3956D46DE8}") = "Gateway", "Gateway", "{712C231C-29E0-4F94-8C8F-D3E0DD8F1D2E}"
EndProject
Project("{2150E333-8FDC-42A3-9474-1A3956D46DE8}") = "Admin", "Admin", "{A29DBD9F-44F8-43D5-94C4-1748DB1070FF}"
EndProject
Project("{2150E333-8FDC-42A3-9474-1A3956D46DE8}") = "Effort", "Effort", "{590AE1D7-D48B-488B-8C92-EABF5336B111}"
EndProject
Project("{2150E333-8FDC-42A3-9474-1A3956D46DE8}") = "Billing", "Billing", "{30D7EAD3-05E0-4806-B9F7-BEA0CC743321}"
EndProject
Project("{2150E333-8FDC-42A3-9474-1A3956D46DE8}") = "Project", "Project", "{3FB39051-4A15-4045-BA5C-8BBABF5D5642}"
EndProject
Project("{9A19103F-16F7-4668-BE54-9A1E7A4F7556}") = "PBS.Services.Admin.API", "PBS.Services.Admin.API\PBS.Services.Admin.API.csproj", "{E23056FA-4F9F-429F-9011-3FC784A72FD8}"
EndProject
Project("{9A19103F-16F7-4668-BE54-9A1E7A4F7556}") = "PBS.Services.Billing.API", "PBS.Services.Billing.API\PBS.Services.Billing.API.csproj", "{2BC475D0-F17B-43CC-AF66-7A4B77A4EC59}"
EndProject
Project("{9A19103F-16F7-4668-BE54-9A1E7A4F7556}") = "PBS.Services.Effort.API", "PBS.Services.Effort.API\PBS.Services.Effort.API.csproj", "{7A40D856-B361-4EE3-911E-E5466F4C2F2A}"
EndProject
Project("{9A19103F-16F7-4668-BE54-9A1E7A4F7556}") = "PBS.Services.Project.API", "PBS.Services.Project.API\PBS.Services.Project.API.csproj", "{1A1F9D72-E91E-4B1B-BAFB-F04AF20528AA}"
EndProject
Project("{9A19103F-16F7-4668-BE54-9A1E7A4F7556}") = "PBS.UI", "PBS.UI\PBS.UI.csproj", "{08903761-450E-418D-B63E-A15DE65E0AF3}"
EndProject
Project("{2150E333-8FDC-42A3-9474-1A3956D46DE8}") = "User", "User", "{56BF2793-13B3-4BF1-B704-1A0D0AFD4CDF}"
EndProject
Project("{9A19103F-16F7-4668-BE54-9A1E7A4F7556}") = "PBS.Services.User.API", "PBS.Services.User.API\PBS.Services.User.API.csproj", "{F3C518B4-600F-43D3-9784-FAFE7E7D2528}"
EndProject
Project("{2150E333-8FDC-42A3-9474-1A3956D46DE8}") = "Libraries", "Libraries", "{FF4D560B-6FCE-4A59-9311-E2918248DA9F}"
EndProject
Project("{9A19103F-16F7-4668-BE54-9A1E7A4F7556}") = "PBS.Logger", "PBS.Logger\PBS.Logger.csproj", "{9CC927A3-1397-4DBF-8BBA-57D4EED7CCEB}"
EndProject
Project("{9A19103F-16F7-4668-BE54-9A1E7A4F7556}") = "PBS.Dapper", "PBS.Dapper\PBS.Dapper.csproj", "{AF5C54EA-1498-4FC2-8C71-5D5B63F6AAE4}"
EndProject
Global
	GlobalSection(SolutionConfigurationPlatforms) = preSolution
		Debug|Any CPU = Debug|Any CPU
		Release|Any CPU = Release|Any CPU
	EndGlobalSection
	GlobalSection(ProjectConfigurationPlatforms) = postSolution
		{E23056FA-4F9F-429F-9011-3FC784A72FD8}.Debug|Any CPU.ActiveCfg = Debug|Any CPU
		{E23056FA-4F9F-429F-9011-3FC784A72FD8}.Debug|Any CPU.Build.0 = Debug|Any CPU
		{E23056FA-4F9F-429F-9011-3FC784A72FD8}.Release|Any CPU.ActiveCfg = Release|Any CPU
		{E23056FA-4F9F-429F-9011-3FC784A72FD8}.Release|Any CPU.Build.0 = Release|Any CPU
		{2BC475D0-F17B-43CC-AF66-7A4B77A4EC59}.Debug|Any CPU.ActiveCfg = Debug|Any CPU
		{2BC475D0-F17B-43CC-AF66-7A4B77A4EC59}.Debug|Any CPU.Build.0 = Debug|Any CPU
		{2BC475D0-F17B-43CC-AF66-7A4B77A4EC59}.Release|Any CPU.ActiveCfg = Release|Any CPU
		{2BC475D0-F17B-43CC-AF66-7A4B77A4EC59}.Release|Any CPU.Build.0 = Release|Any CPU
		{7A40D856-B361-4EE3-911E-E5466F4C2F2A}.Debug|Any CPU.ActiveCfg = Debug|Any CPU
		{7A40D856-B361-4EE3-911E-E5466F4C2F2A}.Debug|Any CPU.Build.0 = Debug|Any CPU
		{7A40D856-B361-4EE3-911E-E5466F4C2F2A}.Release|Any CPU.ActiveCfg = Release|Any CPU
		{7A40D856-B361-4EE3-911E-E5466F4C2F2A}.Release|Any CPU.Build.0 = Release|Any CPU
		{1A1F9D72-E91E-4B1B-BAFB-F04AF20528AA}.Debug|Any CPU.ActiveCfg = Debug|Any CPU
		{1A1F9D72-E91E-4B1B-BAFB-F04AF20528AA}.Debug|Any CPU.Build.0 = Debug|Any CPU
		{1A1F9D72-E91E-4B1B-BAFB-F04AF20528AA}.Release|Any CPU.ActiveCfg = Release|Any CPU
		{1A1F9D72-E91E-4B1B-BAFB-F04AF20528AA}.Release|Any CPU.Build.0 = Release|Any CPU
		{08903761-450E-418D-B63E-A15DE65E0AF3}.Debug|Any CPU.ActiveCfg = Debug|Any CPU
		{08903761-450E-418D-B63E-A15DE65E0AF3}.Debug|Any CPU.Build.0 = Debug|Any CPU
		{08903761-450E-418D-B63E-A15DE65E0AF3}.Release|Any CPU.ActiveCfg = Release|Any CPU
		{08903761-450E-418D-B63E-A15DE65E0AF3}.Release|Any CPU.Build.0 = Release|Any CPU
		{F3C518B4-600F-43D3-9784-FAFE7E7D2528}.Debug|Any CPU.ActiveCfg = Debug|Any CPU
		{F3C518B4-600F-43D3-9784-FAFE7E7D2528}.Debug|Any CPU.Build.0 = Debug|Any CPU
		{F3C518B4-600F-43D3-9784-FAFE7E7D2528}.Release|Any CPU.ActiveCfg = Release|Any CPU
		{F3C518B4-600F-43D3-9784-FAFE7E7D2528}.Release|Any CPU.Build.0 = Release|Any CPU
		{9CC927A3-1397-4DBF-8BBA-57D4EED7CCEB}.Debug|Any CPU.ActiveCfg = Debug|Any CPU
		{9CC927A3-1397-4DBF-8BBA-57D4EED7CCEB}.Debug|Any CPU.Build.0 = Debug|Any CPU
		{9CC927A3-1397-4DBF-8BBA-57D4EED7CCEB}.Release|Any CPU.ActiveCfg = Release|Any CPU
		{9CC927A3-1397-4DBF-8BBA-57D4EED7CCEB}.Release|Any CPU.Build.0 = Release|Any CPU
		{AF5C54EA-1498-4FC2-8C71-5D5B63F6AAE4}.Debug|Any CPU.ActiveCfg = Debug|Any CPU
		{AF5C54EA-1498-4FC2-8C71-5D5B63F6AAE4}.Debug|Any CPU.Build.0 = Debug|Any CPU
		{AF5C54EA-1498-4FC2-8C71-5D5B63F6AAE4}.Release|Any CPU.ActiveCfg = Release|Any CPU
		{AF5C54EA-1498-4FC2-8C71-5D5B63F6AAE4}.Release|Any CPU.Build.0 = Release|Any CPU
	EndGlobalSection
	GlobalSection(SolutionProperties) = preSolution
		HideSolutionNode = FALSE
	EndGlobalSection
	GlobalSection(NestedProjects) = preSolution
		{A29DBD9F-44F8-43D5-94C4-1748DB1070FF} = {A60B1857-88E0-4DD7-A4A6-5DBBC8E55DDD}
		{590AE1D7-D48B-488B-8C92-EABF5336B111} = {A60B1857-88E0-4DD7-A4A6-5DBBC8E55DDD}
		{30D7EAD3-05E0-4806-B9F7-BEA0CC743321} = {A60B1857-88E0-4DD7-A4A6-5DBBC8E55DDD}
		{3FB39051-4A15-4045-BA5C-8BBABF5D5642} = {A60B1857-88E0-4DD7-A4A6-5DBBC8E55DDD}
		{E23056FA-4F9F-429F-9011-3FC784A72FD8} = {A29DBD9F-44F8-43D5-94C4-1748DB1070FF}
		{2BC475D0-F17B-43CC-AF66-7A4B77A4EC59} = {30D7EAD3-05E0-4806-B9F7-BEA0CC743321}
		{7A40D856-B361-4EE3-911E-E5466F4C2F2A} = {590AE1D7-D48B-488B-8C92-EABF5336B111}
		{1A1F9D72-E91E-4B1B-BAFB-F04AF20528AA} = {3FB39051-4A15-4045-BA5C-8BBABF5D5642}
		{08903761-450E-418D-B63E-A15DE65E0AF3} = {60BC6B55-7850-4E6D-99D2-69E272F10403}
		{56BF2793-13B3-4BF1-B704-1A0D0AFD4CDF} = {A60B1857-88E0-4DD7-A4A6-5DBBC8E55DDD}
		{F3C518B4-600F-43D3-9784-FAFE7E7D2528} = {56BF2793-13B3-4BF1-B704-1A0D0AFD4CDF}
		{9CC927A3-1397-4DBF-8BBA-57D4EED7CCEB} = {FF4D560B-6FCE-4A59-9311-E2918248DA9F}
		{AF5C54EA-1498-4FC2-8C71-5D5B63F6AAE4} = {FF4D560B-6FCE-4A59-9311-E2918248DA9F}
	EndGlobalSection
	GlobalSection(ExtensibilityGlobals) = postSolution
		SolutionGuid = {0772C947-817C-4153-B90D-8BB578BA6429}
	EndGlobalSection
EndGlobal
